
Microsoft Visual Studio Solution File, Format Version 11.00
# Visual C# Express 2010
Project("{FAE04EC0-301F-11D3-BF4B-00C04F79EFBC}") = "ParaPaint", "ParaPaint\ParaPaint.csproj", "{BA213F0F-EA5D-42F3-A00C-120D21098F15}"
EndProject
Global
	GlobalSection(SolutionConfigurationPlatforms) = preSolution
		Debug|x86 = Debug|x86
		Release|x86 = Release|x86
	EndGlobalSection
	GlobalSection(ProjectConfigurationPlatforms) = postSolution
		{BA213F0F-EA5D-42F3-A00C-120D21098F15}.Debug|x86.ActiveCfg = Debug|x86
		{BA213F0F-EA5D-42F3-A00C-120D21098F15}.Debug|x86.Build.0 = Debug|x86
		{BA213F0F-EA5D-42F3-A00C-120D21098F15}.Release|x86.ActiveCfg = Release|x86
		{BA213F0F-EA5D-42F3-A00C-120D21098F15}.Release|x86.Build.0 = Release|x86
	EndGlobalSection
	GlobalSection(SolutionProperties) = preSolution
		HideSolutionNode = FALSE
	EndGlobalSection
EndGlobal
